{
  "version": 4,
  "terraform_version": "1.5.0",
  "serial": 105,
  "lineage": "8b1835b9-f97c-76f1-3ff6-bd90f7625fc6",
  "outputs": {},
  "resources": [
    {
      "module": "module.ec2_instances_internal_svcs",
      "mode": "data",
      "type": "aws_availability_zones",
      "name": "ibm_internal_svc_available",
      "provider": "provider[\"registry.terraform.io/hashicorp/aws\"]",
      "instances": [
        {
          "schema_version": 0,
          "attributes": {
            "all_availability_zones": null,
            "exclude_names": null,
            "exclude_zone_ids": null,
            "filter": null,
            "group_names": [
              "ap-south-1"
            ],
            "id": "ap-south-1",
            "names": [
              "ap-south-1a",
              "ap-south-1b",
              "ap-south-1c"
            ],
            "state": null,
            "timeouts": null,
            "zone_ids": [
              "aps1-az1",
              "aps1-az3",
              "aps1-az2"
            ]
          },
          "sensitive_attributes": []
        }
      ]
    },
    {
      "module": "module.ec2_instances_internal_svcs",
      "mode": "data",
      "type": "aws_ebs_default_kms_key",
      "name": "root_block_encryption",
      "provider": "provider[\"registry.terraform.io/hashicorp/aws\"]",
      "instances": [
        {
          "schema_version": 0,
          "attributes": {
            "id": "ap-south-1",
            "key_arn": "alias/aws/ebs",
            "timeouts": null
          },
          "sensitive_attributes": []
        }
      ]
    },
    {
      "module": "module.ec2_instances_internal_svcs",
      "mode": "data",
      "type": "aws_instance",
      "name": "den_master_node",
      "provider": "provider[\"registry.terraform.io/hashicorp/aws\"]",
      "instances": [
        {
          "index_key": 0,
          "schema_version": 0,
          "attributes": {
            "ami": "ami-057752b3f1d6c4d6c",
            "arn": "arn:aws:ec2:ap-south-1:495284731844:instance/i-0ead38fc821c8b51f",
            "associate_public_ip_address": false,
            "availability_zone": "ap-south-1a",
            "credit_specification": [
              {
                "cpu_credits": "unlimited"
              }
            ],
            "disable_api_stop": false,
            "disable_api_termination": false,
            "ebs_block_device": [],
            "ebs_optimized": false,
            "enclave_options": [
              {
                "enabled": false
              }
            ],
            "ephemeral_block_device": [],
            "filter": null,
            "get_password_data": false,
            "get_user_data": false,
            "host_id": "",
            "host_resource_group_arn": "",
            "iam_instance_profile": "",
            "id": "i-0ead38fc821c8b51f",
            "instance_id": "i-0ead38fc821c8b51f",
            "instance_state": "running",
            "instance_tags": null,
            "instance_type": "t3.micro",
            "ipv6_addresses": [],
            "key_name": "",
            "maintenance_options": [
              {
                "auto_recovery": "default"
              }
            ],
            "metadata_options": [
              {
                "http_endpoint": "enabled",
                "http_put_response_hop_limit": 2,
                "http_tokens": "required",
                "instance_metadata_tags": "disabled"
              }
            ],
            "monitoring": false,
            "network_interface_id": "eni-02752a8db2962d4b6",
            "outpost_arn": "",
            "password_data": null,
            "placement_group": "",
            "placement_partition_number": 0,
            "private_dns": "ip-192-31-0-222.ap-south-1.compute.internal",
            "private_dns_name_options": [
              {
                "enable_resource_name_dns_a_record": false,
                "enable_resource_name_dns_aaaa_record": false,
                "hostname_type": "ip-name"
              }
            ],
            "private_ip": "192.31.0.222",
            "public_dns": "",
            "public_ip": "",
            "root_block_device": [
              {
                "delete_on_termination": true,
                "device_name": "/dev/xvda",
                "encrypted": false,
                "iops": 3000,
                "kms_key_id": "",
                "tags": {},
                "throughput": 125,
                "volume_id": "vol-0ff428cea1553f6d3",
                "volume_size": 8,
                "volume_type": "gp3"
              }
            ],
            "secondary_private_ips": [],
            "security_groups": [],
            "source_dest_check": true,
            "subnet_id": "subnet-0b44b111070fc5e6d",
            "tags": {
              "Billable_Object": "mumbai",
              "Name": "ap1-master-1",
              "Role": "Master node"
            },
            "tenancy": "default",
            "timeouts": null,
            "user_data": null,
            "user_data_base64": null,
            "vpc_security_group_ids": [
              "sg-0c74ea19d403a982f"
            ]
          },
          "sensitive_attributes": []
        },
        {
          "index_key": 1,
          "schema_version": 0,
          "attributes": {
            "ami": "ami-057752b3f1d6c4d6c",
            "arn": "arn:aws:ec2:ap-south-1:495284731844:instance/i-0fe303b387cb28e58",
            "associate_public_ip_address": false,
            "availability_zone": "ap-south-1b",
            "credit_specification": [
              {
                "cpu_credits": "unlimited"
              }
            ],
            "disable_api_stop": false,
            "disable_api_termination": false,
            "ebs_block_device": [],
            "ebs_optimized": false,
            "enclave_options": [
              {
                "enabled": false
              }
            ],
            "ephemeral_block_device": [],
            "filter": null,
            "get_password_data": false,
            "get_user_data": false,
            "host_id": "",
            "host_resource_group_arn": "",
            "iam_instance_profile": "",
            "id": "i-0fe303b387cb28e58",
            "instance_id": "i-0fe303b387cb28e58",
            "instance_state": "running",
            "instance_tags": null,
            "instance_type": "t3.micro",
            "ipv6_addresses": [],
            "key_name": "",
            "maintenance_options": [
              {
                "auto_recovery": "default"
              }
            ],
            "metadata_options": [
              {
                "http_endpoint": "enabled",
                "http_put_response_hop_limit": 2,
                "http_tokens": "required",
                "instance_metadata_tags": "disabled"
              }
            ],
            "monitoring": false,
            "network_interface_id": "eni-00a87eadebcc15dd7",
            "outpost_arn": "",
            "password_data": null,
            "placement_group": "",
            "placement_partition_number": 0,
            "private_dns": "ip-192-31-64-222.ap-south-1.compute.internal",
            "private_dns_name_options": [
              {
                "enable_resource_name_dns_a_record": false,
                "enable_resource_name_dns_aaaa_record": false,
                "hostname_type": "ip-name"
              }
            ],
            "private_ip": "192.31.64.222",
            "public_dns": "",
            "public_ip": "",
            "root_block_device": [
              {
                "delete_on_termination": true,
                "device_name": "/dev/xvda",
                "encrypted": false,
                "iops": 3000,
                "kms_key_id": "",
                "tags": {},
                "throughput": 125,
                "volume_id": "vol-035d643d2623cb9a0",
                "volume_size": 8,
                "volume_type": "gp3"
              }
            ],
            "secondary_private_ips": [],
            "security_groups": [],
            "source_dest_check": true,
            "subnet_id": "subnet-03180d5f93efbc5f9",
            "tags": {
              "Billable_Object": "mumbai",
              "Name": "ap1-master-2",
              "Role": "Master node"
            },
            "tenancy": "default",
            "timeouts": null,
            "user_data": null,
            "user_data_base64": null,
            "vpc_security_group_ids": [
              "sg-0c74ea19d403a982f"
            ]
          },
          "sensitive_attributes": []
        },
        {
          "index_key": 2,
          "schema_version": 0,
          "attributes": {
            "ami": "ami-057752b3f1d6c4d6c",
            "arn": "arn:aws:ec2:ap-south-1:495284731844:instance/i-08412a60d8143ab0e",
            "associate_public_ip_address": false,
            "availability_zone": "ap-south-1c",
            "credit_specification": [
              {
                "cpu_credits": "unlimited"
              }
            ],
            "disable_api_stop": false,
            "disable_api_termination": false,
            "ebs_block_device": [],
            "ebs_optimized": false,
            "enclave_options": [
              {
                "enabled": false
              }
            ],
            "ephemeral_block_device": [],
            "filter": null,
            "get_password_data": false,
            "get_user_data": false,
            "host_id": "",
            "host_resource_group_arn": "",
            "iam_instance_profile": "",
            "id": "i-08412a60d8143ab0e",
            "instance_id": "i-08412a60d8143ab0e",
            "instance_state": "running",
            "instance_tags": null,
            "instance_type": "t3.micro",
            "ipv6_addresses": [],
            "key_name": "",
            "maintenance_options": [
              {
                "auto_recovery": "default"
              }
            ],
            "metadata_options": [
              {
                "http_endpoint": "enabled",
                "http_put_response_hop_limit": 2,
                "http_tokens": "required",
                "instance_metadata_tags": "disabled"
              }
            ],
            "monitoring": false,
            "network_interface_id": "eni-04754d74dd6d603b4",
            "outpost_arn": "",
            "password_data": null,
            "placement_group": "",
            "placement_partition_number": 0,
            "private_dns": "ip-192-31-128-222.ap-south-1.compute.internal",
            "private_dns_name_options": [
              {
                "enable_resource_name_dns_a_record": false,
                "enable_resource_name_dns_aaaa_record": false,
                "hostname_type": "ip-name"
              }
            ],
            "private_ip": "192.31.128.222",
            "public_dns": "",
            "public_ip": "",
            "root_block_device": [
              {
                "delete_on_termination": true,
                "device_name": "/dev/xvda",
                "encrypted": false,
                "iops": 3000,
                "kms_key_id": "",
                "tags": {},
                "throughput": 125,
                "volume_id": "vol-0b3888741007b2586",
                "volume_size": 8,
                "volume_type": "gp3"
              }
            ],
            "secondary_private_ips": [],
            "security_groups": [],
            "source_dest_check": true,
            "subnet_id": "subnet-03689f53f67c336c7",
            "tags": {
              "Billable_Object": "mumbai",
              "Name": "ap1-master-3",
              "Role": "Master node"
            },
            "tenancy": "default",
            "timeouts": null,
            "user_data": null,
            "user_data_base64": null,
            "vpc_security_group_ids": [
              "sg-0c74ea19d403a982f"
            ]
          },
          "sensitive_attributes": []
        }
      ]
    },
    {
      "module": "module.ec2_instances_internal_svcs",
      "mode": "data",
      "type": "aws_subnet",
      "name": "ibm_internal_svc_zone",
      "provider": "provider[\"registry.terraform.io/hashicorp/aws\"]",
      "instances": [
        {
          "index_key": 0,
          "schema_version": 0,
          "attributes": {
            "arn": "arn:aws:ec2:ap-south-1:495284731844:subnet/subnet-03180d5f93efbc5f9",
            "assign_ipv6_address_on_creation": false,
            "availability_zone": "ap-south-1b",
            "availability_zone_id": "aps1-az3",
            "available_ip_address_count": 16379,
            "cidr_block": "192.31.64.0/18",
            "customer_owned_ipv4_pool": "",
            "default_for_az": false,
            "enable_dns64": false,
            "enable_lni_at_device_index": 0,
            "enable_resource_name_dns_a_record_on_launch": false,
            "enable_resource_name_dns_aaaa_record_on_launch": false,
            "filter": null,
            "id": "subnet-03180d5f93efbc5f9",
            "ipv6_cidr_block": "",
            "ipv6_cidr_block_association_id": "",
            "ipv6_native": false,
            "map_customer_owned_ip_on_launch": false,
            "map_public_ip_on_launch": false,
            "outpost_arn": "",
            "owner_id": "495284731844",
            "private_dns_hostname_type_on_launch": "ip-name",
            "state": "available",
            "tags": {
              "Billable_Object": "mumbai",
              "Name": "ibm_internal_svc_zone_b",
              "Tier": "ibm_internal_svc_zone"
            },
            "timeouts": null,
            "vpc_id": "vpc-0335d736381254d11"
          },
          "sensitive_attributes": []
        },
        {
          "index_key": 1,
          "schema_version": 0,
          "attributes": {
            "arn": "arn:aws:ec2:ap-south-1:495284731844:subnet/subnet-03689f53f67c336c7",
            "assign_ipv6_address_on_creation": false,
            "availability_zone": "ap-south-1c",
            "availability_zone_id": "aps1-az2",
            "available_ip_address_count": 16379,
            "cidr_block": "192.31.128.0/18",
            "customer_owned_ipv4_pool": "",
            "default_for_az": false,
            "enable_dns64": false,
            "enable_lni_at_device_index": 0,
            "enable_resource_name_dns_a_record_on_launch": false,
            "enable_resource_name_dns_aaaa_record_on_launch": false,
            "filter": null,
            "id": "subnet-03689f53f67c336c7",
            "ipv6_cidr_block": "",
            "ipv6_cidr_block_association_id": "",
            "ipv6_native": false,
            "map_customer_owned_ip_on_launch": false,
            "map_public_ip_on_launch": false,
            "outpost_arn": "",
            "owner_id": "495284731844",
            "private_dns_hostname_type_on_launch": "ip-name",
            "state": "available",
            "tags": {
              "Billable_Object": "mumbai",
              "Name": "ibm_internal_svc_zone_c",
              "Tier": "ibm_internal_svc_zone"
            },
            "timeouts": null,
            "vpc_id": "vpc-0335d736381254d11"
          },
          "sensitive_attributes": []
        },
        {
          "index_key": 2,
          "schema_version": 0,
          "attributes": {
            "arn": "arn:aws:ec2:ap-south-1:495284731844:subnet/subnet-0b44b111070fc5e6d",
            "assign_ipv6_address_on_creation": false,
            "availability_zone": "ap-south-1a",
            "availability_zone_id": "aps1-az1",
            "available_ip_address_count": 16379,
            "cidr_block": "192.31.0.0/18",
            "customer_owned_ipv4_pool": "",
            "default_for_az": false,
            "enable_dns64": false,
            "enable_lni_at_device_index": 0,
            "enable_resource_name_dns_a_record_on_launch": false,
            "enable_resource_name_dns_aaaa_record_on_launch": false,
            "filter": null,
            "id": "subnet-0b44b111070fc5e6d",
            "ipv6_cidr_block": "",
            "ipv6_cidr_block_association_id": "",
            "ipv6_native": false,
            "map_customer_owned_ip_on_launch": false,
            "map_public_ip_on_launch": false,
            "outpost_arn": "",
            "owner_id": "495284731844",
            "private_dns_hostname_type_on_launch": "ip-name",
            "state": "available",
            "tags": {
              "Billable_Object": "mumbai",
              "Name": "ibm_internal_svc_zone_a",
              "Tier": "ibm_internal_svc_zone"
            },
            "timeouts": null,
            "vpc_id": "vpc-0335d736381254d11"
          },
          "sensitive_attributes": []
        }
      ]
    },
    {
      "module": "module.ec2_instances_internal_svcs",
      "mode": "data",
      "type": "aws_subnet",
      "name": "ibm_internal_svc_zone_sorted",
      "provider": "provider[\"registry.terraform.io/hashicorp/aws\"]",
      "instances": [
        {
          "index_key": 0,
          "schema_version": 0,
          "attributes": {
            "arn": "arn:aws:ec2:ap-south-1:495284731844:subnet/subnet-0b44b111070fc5e6d",
            "assign_ipv6_address_on_creation": false,
            "availability_zone": "ap-south-1a",
            "availability_zone_id": "aps1-az1",
            "available_ip_address_count": 16379,
            "cidr_block": "192.31.0.0/18",
            "customer_owned_ipv4_pool": "",
            "default_for_az": false,
            "enable_dns64": false,
            "enable_lni_at_device_index": 0,
            "enable_resource_name_dns_a_record_on_launch": false,
            "enable_resource_name_dns_aaaa_record_on_launch": false,
            "filter": null,
            "id": "subnet-0b44b111070fc5e6d",
            "ipv6_cidr_block": "",
            "ipv6_cidr_block_association_id": "",
            "ipv6_native": false,
            "map_customer_owned_ip_on_launch": false,
            "map_public_ip_on_launch": false,
            "outpost_arn": "",
            "owner_id": "495284731844",
            "private_dns_hostname_type_on_launch": "ip-name",
            "state": "available",
            "tags": {
              "Billable_Object": "mumbai",
              "Name": "ibm_internal_svc_zone_a",
              "Tier": "ibm_internal_svc_zone"
            },
            "timeouts": null,
            "vpc_id": "vpc-0335d736381254d11"
          },
          "sensitive_attributes": []
        },
        {
          "index_key": 1,
          "schema_version": 0,
          "attributes": {
            "arn": "arn:aws:ec2:ap-south-1:495284731844:subnet/subnet-03180d5f93efbc5f9",
            "assign_ipv6_address_on_creation": false,
            "availability_zone": "ap-south-1b",
            "availability_zone_id": "aps1-az3",
            "available_ip_address_count": 16379,
            "cidr_block": "192.31.64.0/18",
            "customer_owned_ipv4_pool": "",
            "default_for_az": false,
            "enable_dns64": false,
            "enable_lni_at_device_index": 0,
            "enable_resource_name_dns_a_record_on_launch": false,
            "enable_resource_name_dns_aaaa_record_on_launch": false,
            "filter": null,
            "id": "subnet-03180d5f93efbc5f9",
            "ipv6_cidr_block": "",
            "ipv6_cidr_block_association_id": "",
            "ipv6_native": false,
            "map_customer_owned_ip_on_launch": false,
            "map_public_ip_on_launch": false,
            "outpost_arn": "",
            "owner_id": "495284731844",
            "private_dns_hostname_type_on_launch": "ip-name",
            "state": "available",
            "tags": {
              "Billable_Object": "mumbai",
              "Name": "ibm_internal_svc_zone_b",
              "Tier": "ibm_internal_svc_zone"
            },
            "timeouts": null,
            "vpc_id": "vpc-0335d736381254d11"
          },
          "sensitive_attributes": []
        },
        {
          "index_key": 2,
          "schema_version": 0,
          "attributes": {
            "arn": "arn:aws:ec2:ap-south-1:495284731844:subnet/subnet-03689f53f67c336c7",
            "assign_ipv6_address_on_creation": false,
            "availability_zone": "ap-south-1c",
            "availability_zone_id": "aps1-az2",
            "available_ip_address_count": 16379,
            "cidr_block": "192.31.128.0/18",
            "customer_owned_ipv4_pool": "",
            "default_for_az": false,
            "enable_dns64": false,
            "enable_lni_at_device_index": 0,
            "enable_resource_name_dns_a_record_on_launch": false,
            "enable_resource_name_dns_aaaa_record_on_launch": false,
            "filter": null,
            "id": "subnet-03689f53f67c336c7",
            "ipv6_cidr_block": "",
            "ipv6_cidr_block_association_id": "",
            "ipv6_native": false,
            "map_customer_owned_ip_on_launch": false,
            "map_public_ip_on_launch": false,
            "outpost_arn": "",
            "owner_id": "495284731844",
            "private_dns_hostname_type_on_launch": "ip-name",
            "state": "available",
            "tags": {
              "Billable_Object": "mumbai",
              "Name": "ibm_internal_svc_zone_c",
              "Tier": "ibm_internal_svc_zone"
            },
            "timeouts": null,
            "vpc_id": "vpc-0335d736381254d11"
          },
          "sensitive_attributes": []
        }
      ]
    },
    {
      "module": "module.ec2_instances_internal_svcs",
      "mode": "data",
      "type": "aws_subnet_ids",
      "name": "ibm_internal_svc_zone",
      "provider": "provider[\"registry.terraform.io/hashicorp/aws\"]",
      "instances": [
        {
          "schema_version": 0,
          "attributes": {
            "filter": null,
            "id": "vpc-0335d736381254d11",
            "ids": [
              "subnet-03180d5f93efbc5f9",
              "subnet-03689f53f67c336c7",
              "subnet-0b44b111070fc5e6d"
            ],
            "tags": {
              "Tier": "ibm_internal_svc_zone"
            },
            "timeouts": null,
            "vpc_id": "vpc-0335d736381254d11"
          },
          "sensitive_attributes": []
        }
      ]
    },
    {
      "module": "module.ec2_instances_internal_svcs",
      "mode": "data",
      "type": "aws_vpc",
      "name": "ibm_internal_svc",
      "provider": "provider[\"registry.terraform.io/hashicorp/aws\"]",
      "instances": [
        {
          "schema_version": 0,
          "attributes": {
            "arn": "arn:aws:ec2:ap-south-1:495284731844:vpc/vpc-0335d736381254d11",
            "cidr_block": "192.31.0.0/16",
            "cidr_block_associations": [
              {
                "association_id": "vpc-cidr-assoc-0b8380518210e5c21",
                "cidr_block": "192.31.0.0/16",
                "state": "associated"
              }
            ],
            "default": false,
            "dhcp_options_id": "dopt-660ad50d",
            "enable_dns_hostnames": false,
            "enable_dns_support": true,
            "enable_network_address_usage_metrics": false,
            "filter": null,
            "id": "vpc-0335d736381254d11",
            "instance_tenancy": "default",
            "ipv6_association_id": "",
            "ipv6_cidr_block": "",
            "main_route_table_id": "rtb-07bde3722bd0ab4f7",
            "owner_id": "495284731844",
            "state": null,
            "tags": {
              "Billable_Object": "mumbai",
              "Name": "ibm_internal_svc"
            },
            "timeouts": null
          },
          "sensitive_attributes": []
        }
      ]
    },
    {
      "module": "module.ec2_instances_internal_svcs",
      "mode": "managed",
      "type": "aws_instance",
      "name": "den_master_node",
      "provider": "provider[\"registry.terraform.io/hashicorp/aws\"]",
      "instances": [
        {
          "index_key": 0,
          "schema_version": 1,
          "attributes": {
            "ami": "ami-057752b3f1d6c4d6c",
            "arn": "arn:aws:ec2:ap-south-1:495284731844:instance/i-0ead38fc821c8b51f",
            "associate_public_ip_address": false,
            "availability_zone": "ap-south-1a",
            "capacity_reservation_specification": [
              {
                "capacity_reservation_preference": "open",
                "capacity_reservation_target": []
              }
            ],
            "cpu_core_count": 1,
            "cpu_options": [
              {
                "amd_sev_snp": "",
                "core_count": 1,
                "threads_per_core": 2
              }
            ],
            "cpu_threads_per_core": 2,
            "credit_specification": [
              {
                "cpu_credits": "unlimited"
              }
            ],
            "disable_api_stop": false,
            "disable_api_termination": false,
            "ebs_block_device": [],
            "ebs_optimized": false,
            "enclave_options": [
              {
                "enabled": false
              }
            ],
            "ephemeral_block_device": [],
            "get_password_data": false,
            "hibernation": false,
            "host_id": "",
            "host_resource_group_arn": null,
            "iam_instance_profile": "",
            "id": "i-0ead38fc821c8b51f",
            "instance_initiated_shutdown_behavior": "stop",
            "instance_state": "running",
            "instance_type": "t3.micro",
            "ipv6_address_count": 0,
            "ipv6_addresses": [],
            "key_name": "",
            "launch_template": [],
            "maintenance_options": [
              {
                "auto_recovery": "default"
              }
            ],
            "metadata_options": [
              {
                "http_endpoint": "enabled",
                "http_put_response_hop_limit": 2,
                "http_tokens": "required",
                "instance_metadata_tags": "disabled"
              }
            ],
            "monitoring": false,
            "network_interface": [
              {
                "delete_on_termination": false,
                "device_index": 0,
                "network_card_index": 0,
                "network_interface_id": "eni-02752a8db2962d4b6"
              }
            ],
            "outpost_arn": "",
            "password_data": "",
            "placement_group": "",
            "placement_partition_number": 0,
            "primary_network_interface_id": "eni-02752a8db2962d4b6",
            "private_dns": "ip-192-31-0-222.ap-south-1.compute.internal",
            "private_dns_name_options": [
              {
                "enable_resource_name_dns_a_record": false,
                "enable_resource_name_dns_aaaa_record": false,
                "hostname_type": "ip-name"
              }
            ],
            "private_ip": "192.31.0.222",
            "public_dns": "",
            "public_ip": "",
            "root_block_device": [
              {
                "delete_on_termination": true,
                "device_name": "/dev/xvda",
                "encrypted": false,
                "iops": 3000,
                "kms_key_id": "",
                "tags": {},
                "throughput": 125,
                "volume_id": "vol-0ff428cea1553f6d3",
                "volume_size": 8,
                "volume_type": "gp3"
              }
            ],
            "secondary_private_ips": [],
            "security_groups": [],
            "source_dest_check": true,
            "subnet_id": "subnet-0b44b111070fc5e6d",
            "tags": {
              "Billable_Object": "mumbai",
              "Name": "ap1-master-1",
              "Role": "Master node"
            },
            "tags_all": {
              "Billable_Object": "mumbai",
              "Name": "ap1-master-1",
              "Role": "Master node"
            },
            "tenancy": "default",
            "timeouts": null,
            "user_data": null,
            "user_data_base64": null,
            "user_data_replace_on_change": false,
            "volume_tags": null,
            "vpc_security_group_ids": [
              "sg-0c74ea19d403a982f"
            ]
          },
          "sensitive_attributes": [],
          "private": "eyJlMmJmYjczMC1lY2FhLTExZTYtOGY4OC0zNDM2M2JjN2M0YzAiOnsiY3JlYXRlIjo2MDAwMDAwMDAwMDAsImRlbGV0ZSI6MTIwMDAwMDAwMDAwMCwidXBkYXRlIjo2MDAwMDAwMDAwMDB9LCJzY2hlbWFfdmVyc2lvbiI6IjEifQ==",
          "dependencies": [
            "module.ec2_instances_internal_svcs.aws_network_interface.den_master_node",
            "module.ec2_instances_internal_svcs.data.aws_subnet.ibm_internal_svc_zone",
            "module.ec2_instances_internal_svcs.data.aws_subnet.ibm_internal_svc_zone_sorted",
            "module.ec2_instances_internal_svcs.data.aws_subnet_ids.ibm_internal_svc_zone"
          ]
        },
        {
          "index_key": 1,
          "schema_version": 1,
          "attributes": {
            "ami": "ami-057752b3f1d6c4d6c",
            "arn": "arn:aws:ec2:ap-south-1:495284731844:instance/i-0fe303b387cb28e58",
            "associate_public_ip_address": false,
            "availability_zone": "ap-south-1b",
            "capacity_reservation_specification": [
              {
                "capacity_reservation_preference": "open",
                "capacity_reservation_target": []
              }
            ],
            "cpu_core_count": 1,
            "cpu_options": [
              {
                "amd_sev_snp": "",
                "core_count": 1,
                "threads_per_core": 2
              }
            ],
            "cpu_threads_per_core": 2,
            "credit_specification": [
              {
                "cpu_credits": "unlimited"
              }
            ],
            "disable_api_stop": false,
            "disable_api_termination": false,
            "ebs_block_device": [],
            "ebs_optimized": false,
            "enclave_options": [
              {
                "enabled": false
              }
            ],
            "ephemeral_block_device": [],
            "get_password_data": false,
            "hibernation": false,
            "host_id": "",
            "host_resource_group_arn": null,
            "iam_instance_profile": "",
            "id": "i-0fe303b387cb28e58",
            "instance_initiated_shutdown_behavior": "stop",
            "instance_state": "running",
            "instance_type": "t3.micro",
            "ipv6_address_count": 0,
            "ipv6_addresses": [],
            "key_name": "",
            "launch_template": [],
            "maintenance_options": [
              {
                "auto_recovery": "default"
              }
            ],
            "metadata_options": [
              {
                "http_endpoint": "enabled",
                "http_put_response_hop_limit": 2,
                "http_tokens": "required",
                "instance_metadata_tags": "disabled"
              }
            ],
            "monitoring": false,
            "network_interface": [
              {
                "delete_on_termination": false,
                "device_index": 0,
                "network_card_index": 0,
                "network_interface_id": "eni-00a87eadebcc15dd7"
              }
            ],
            "outpost_arn": "",
            "password_data": "",
            "placement_group": "",
            "placement_partition_number": 0,
            "primary_network_interface_id": "eni-00a87eadebcc15dd7",
            "private_dns": "ip-192-31-64-222.ap-south-1.compute.internal",
            "private_dns_name_options": [
              {
                "enable_resource_name_dns_a_record": false,
                "enable_resource_name_dns_aaaa_record": false,
                "hostname_type": "ip-name"
              }
            ],
            "private_ip": "192.31.64.222",
            "public_dns": "",
            "public_ip": "",
            "root_block_device": [
              {
                "delete_on_termination": true,
                "device_name": "/dev/xvda",
                "encrypted": false,
                "iops": 3000,
                "kms_key_id": "",
                "tags": {},
                "throughput": 125,
                "volume_id": "vol-035d643d2623cb9a0",
                "volume_size": 8,
                "volume_type": "gp3"
              }
            ],
            "secondary_private_ips": [],
            "security_groups": [],
            "source_dest_check": true,
            "subnet_id": "subnet-03180d5f93efbc5f9",
            "tags": {
              "Billable_Object": "mumbai",
              "Name": "ap1-master-2",
              "Role": "Master node"
            },
            "tags_all": {
              "Billable_Object": "mumbai",
              "Name": "ap1-master-2",
              "Role": "Master node"
            },
            "tenancy": "default",
            "timeouts": null,
            "user_data": null,
            "user_data_base64": null,
            "user_data_replace_on_change": false,
            "volume_tags": null,
            "vpc_security_group_ids": [
              "sg-0c74ea19d403a982f"
            ]
          },
          "sensitive_attributes": [],
          "private": "eyJlMmJmYjczMC1lY2FhLTExZTYtOGY4OC0zNDM2M2JjN2M0YzAiOnsiY3JlYXRlIjo2MDAwMDAwMDAwMDAsImRlbGV0ZSI6MTIwMDAwMDAwMDAwMCwidXBkYXRlIjo2MDAwMDAwMDAwMDB9LCJzY2hlbWFfdmVyc2lvbiI6IjEifQ==",
          "dependencies": [
            "module.ec2_instances_internal_svcs.aws_network_interface.den_master_node",
            "module.ec2_instances_internal_svcs.data.aws_subnet.ibm_internal_svc_zone",
            "module.ec2_instances_internal_svcs.data.aws_subnet.ibm_internal_svc_zone_sorted",
            "module.ec2_instances_internal_svcs.data.aws_subnet_ids.ibm_internal_svc_zone"
          ]
        },
        {
          "index_key": 2,
          "schema_version": 1,
          "attributes": {
            "ami": "ami-057752b3f1d6c4d6c",
            "arn": "arn:aws:ec2:ap-south-1:495284731844:instance/i-08412a60d8143ab0e",
            "associate_public_ip_address": false,
            "availability_zone": "ap-south-1c",
            "capacity_reservation_specification": [
              {
                "capacity_reservation_preference": "open",
                "capacity_reservation_target": []
              }
            ],
            "cpu_core_count": 1,
            "cpu_options": [
              {
                "amd_sev_snp": "",
                "core_count": 1,
                "threads_per_core": 2
              }
            ],
            "cpu_threads_per_core": 2,
            "credit_specification": [
              {
                "cpu_credits": "unlimited"
              }
            ],
            "disable_api_stop": false,
            "disable_api_termination": false,
            "ebs_block_device": [],
            "ebs_optimized": false,
            "enclave_options": [
              {
                "enabled": false
              }
            ],
            "ephemeral_block_device": [],
            "get_password_data": false,
            "hibernation": false,
            "host_id": "",
            "host_resource_group_arn": null,
            "iam_instance_profile": "",
            "id": "i-08412a60d8143ab0e",
            "instance_initiated_shutdown_behavior": "stop",
            "instance_state": "running",
            "instance_type": "t3.micro",
            "ipv6_address_count": 0,
            "ipv6_addresses": [],
            "key_name": "",
            "launch_template": [],
            "maintenance_options": [
              {
                "auto_recovery": "default"
              }
            ],
            "metadata_options": [
              {
                "http_endpoint": "enabled",
                "http_put_response_hop_limit": 2,
                "http_tokens": "required",
                "instance_metadata_tags": "disabled"
              }
            ],
            "monitoring": false,
            "network_interface": [
              {
                "delete_on_termination": false,
                "device_index": 0,
                "network_card_index": 0,
                "network_interface_id": "eni-04754d74dd6d603b4"
              }
            ],
            "outpost_arn": "",
            "password_data": "",
            "placement_group": "",
            "placement_partition_number": 0,
            "primary_network_interface_id": "eni-04754d74dd6d603b4",
            "private_dns": "ip-192-31-128-222.ap-south-1.compute.internal",
            "private_dns_name_options": [
              {
                "enable_resource_name_dns_a_record": false,
                "enable_resource_name_dns_aaaa_record": false,
                "hostname_type": "ip-name"
              }
            ],
            "private_ip": "192.31.128.222",
            "public_dns": "",
            "public_ip": "",
            "root_block_device": [
              {
                "delete_on_termination": true,
                "device_name": "/dev/xvda",
                "encrypted": false,
                "iops": 3000,
                "kms_key_id": "",
                "tags": {},
                "throughput": 125,
                "volume_id": "vol-0b3888741007b2586",
                "volume_size": 8,
                "volume_type": "gp3"
              }
            ],
            "secondary_private_ips": [],
            "security_groups": [],
            "source_dest_check": true,
            "subnet_id": "subnet-03689f53f67c336c7",
            "tags": {
              "Billable_Object": "mumbai",
              "Name": "ap1-master-3",
              "Role": "Master node"
            },
            "tags_all": {
              "Billable_Object": "mumbai",
              "Name": "ap1-master-3",
              "Role": "Master node"
            },
            "tenancy": "default",
            "timeouts": null,
            "user_data": null,
            "user_data_base64": null,
            "user_data_replace_on_change": false,
            "volume_tags": null,
            "vpc_security_group_ids": [
              "sg-0c74ea19d403a982f"
            ]
          },
          "sensitive_attributes": [],
          "private": "eyJlMmJmYjczMC1lY2FhLTExZTYtOGY4OC0zNDM2M2JjN2M0YzAiOnsiY3JlYXRlIjo2MDAwMDAwMDAwMDAsImRlbGV0ZSI6MTIwMDAwMDAwMDAwMCwidXBkYXRlIjo2MDAwMDAwMDAwMDB9LCJzY2hlbWFfdmVyc2lvbiI6IjEifQ==",
          "dependencies": [
            "module.ec2_instances_internal_svcs.aws_network_interface.den_master_node",
            "module.ec2_instances_internal_svcs.data.aws_subnet.ibm_internal_svc_zone",
            "module.ec2_instances_internal_svcs.data.aws_subnet.ibm_internal_svc_zone_sorted",
            "module.ec2_instances_internal_svcs.data.aws_subnet_ids.ibm_internal_svc_zone"
          ]
        }
      ]
    },
    {
      "module": "module.ec2_instances_internal_svcs",
      "mode": "managed",
      "type": "aws_network_interface",
      "name": "den_master_node",
      "provider": "provider[\"registry.terraform.io/hashicorp/aws\"]",
      "instances": [
        {
          "index_key": 0,
          "schema_version": 0,
          "attributes": {
            "arn": "arn:aws:ec2:ap-south-1:495284731844:network-interface/eni-02752a8db2962d4b6",
            "attachment": [],
            "description": "",
            "id": "eni-02752a8db2962d4b6",
            "interface_type": "interface",
            "ipv4_prefix_count": 0,
            "ipv4_prefixes": [],
            "ipv6_address_count": 0,
            "ipv6_address_list": [],
            "ipv6_address_list_enabled": false,
            "ipv6_addresses": [],
            "ipv6_prefix_count": 0,
            "ipv6_prefixes": [],
            "mac_address": "02:b0:9a:55:e8:b0",
            "outpost_arn": "",
            "owner_id": "495284731844",
            "private_dns_name": "",
            "private_ip": "192.31.0.222",
            "private_ip_list": [
              "192.31.0.222"
            ],
            "private_ip_list_enabled": false,
            "private_ips": [
              "192.31.0.222"
            ],
            "private_ips_count": 0,
            "security_groups": [
              "sg-0c74ea19d403a982f"
            ],
            "source_dest_check": true,
            "subnet_id": "subnet-0b44b111070fc5e6d",
            "tags": {
              "Billable_Object": "mumbai",
              "Name": "ap1-master-1_network_interface"
            },
            "tags_all": {
              "Billable_Object": "mumbai",
              "Name": "ap1-master-1_network_interface"
            }
          },
          "sensitive_attributes": [],
          "private": "bnVsbA==",
          "dependencies": [
            "module.ec2_instances_internal_svcs.data.aws_subnet.ibm_internal_svc_zone",
            "module.ec2_instances_internal_svcs.data.aws_subnet.ibm_internal_svc_zone_sorted",
            "module.ec2_instances_internal_svcs.data.aws_subnet_ids.ibm_internal_svc_zone"
          ]
        },
        {
          "index_key": 1,
          "schema_version": 0,
          "attributes": {
            "arn": "arn:aws:ec2:ap-south-1:495284731844:network-interface/eni-00a87eadebcc15dd7",
            "attachment": [],
            "description": "",
            "id": "eni-00a87eadebcc15dd7",
            "interface_type": "interface",
            "ipv4_prefix_count": 0,
            "ipv4_prefixes": [],
            "ipv6_address_count": 0,
            "ipv6_address_list": [],
            "ipv6_address_list_enabled": false,
            "ipv6_addresses": [],
            "ipv6_prefix_count": 0,
            "ipv6_prefixes": [],
            "mac_address": "0a:4c:80:92:9b:b8",
            "outpost_arn": "",
            "owner_id": "495284731844",
            "private_dns_name": "",
            "private_ip": "192.31.64.222",
            "private_ip_list": [
              "192.31.64.222"
            ],
            "private_ip_list_enabled": false,
            "private_ips": [
              "192.31.64.222"
            ],
            "private_ips_count": 0,
            "security_groups": [
              "sg-0c74ea19d403a982f"
            ],
            "source_dest_check": true,
            "subnet_id": "subnet-03180d5f93efbc5f9",
            "tags": {
              "Billable_Object": "mumbai",
              "Name": "ap1-master-2_network_interface"
            },
            "tags_all": {
              "Billable_Object": "mumbai",
              "Name": "ap1-master-2_network_interface"
            }
          },
          "sensitive_attributes": [],
          "private": "bnVsbA==",
          "dependencies": [
            "module.ec2_instances_internal_svcs.data.aws_subnet.ibm_internal_svc_zone",
            "module.ec2_instances_internal_svcs.data.aws_subnet.ibm_internal_svc_zone_sorted",
            "module.ec2_instances_internal_svcs.data.aws_subnet_ids.ibm_internal_svc_zone"
          ]
        },
        {
          "index_key": 2,
          "schema_version": 0,
          "attributes": {
            "arn": "arn:aws:ec2:ap-south-1:495284731844:network-interface/eni-04754d74dd6d603b4",
            "attachment": [],
            "description": "",
            "id": "eni-04754d74dd6d603b4",
            "interface_type": "interface",
            "ipv4_prefix_count": 0,
            "ipv4_prefixes": [],
            "ipv6_address_count": 0,
            "ipv6_address_list": [],
            "ipv6_address_list_enabled": false,
            "ipv6_addresses": [],
            "ipv6_prefix_count": 0,
            "ipv6_prefixes": [],
            "mac_address": "06:92:d4:98:f0:46",
            "outpost_arn": "",
            "owner_id": "495284731844",
            "private_dns_name": "",
            "private_ip": "192.31.128.222",
            "private_ip_list": [
              "192.31.128.222"
            ],
            "private_ip_list_enabled": false,
            "private_ips": [
              "192.31.128.222"
            ],
            "private_ips_count": 0,
            "security_groups": [
              "sg-0c74ea19d403a982f"
            ],
            "source_dest_check": true,
            "subnet_id": "subnet-03689f53f67c336c7",
            "tags": {
              "Billable_Object": "mumbai",
              "Name": "ap1-master-3_network_interface"
            },
            "tags_all": {
              "Billable_Object": "mumbai",
              "Name": "ap1-master-3_network_interface"
            }
          },
          "sensitive_attributes": [],
          "private": "bnVsbA==",
          "dependencies": [
            "module.ec2_instances_internal_svcs.data.aws_subnet.ibm_internal_svc_zone",
            "module.ec2_instances_internal_svcs.data.aws_subnet.ibm_internal_svc_zone_sorted",
            "module.ec2_instances_internal_svcs.data.aws_subnet_ids.ibm_internal_svc_zone"
          ]
        }
      ]
    },
    {
      "module": "module.vpc_internal_svcs",
      "mode": "data",
      "type": "aws_availability_zones",
      "name": "ibm_internal_svc_available",
      "provider": "provider[\"registry.terraform.io/hashicorp/aws\"]",
      "instances": [
        {
          "schema_version": 0,
          "attributes": {
            "all_availability_zones": null,
            "exclude_names": null,
            "exclude_zone_ids": null,
            "filter": null,
            "group_names": [
              "ap-south-1"
            ],
            "id": "ap-south-1",
            "names": [
              "ap-south-1a",
              "ap-south-1b",
              "ap-south-1c"
            ],
            "state": null,
            "timeouts": null,
            "zone_ids": [
              "aps1-az1",
              "aps1-az3",
              "aps1-az2"
            ]
          },
          "sensitive_attributes": []
        }
      ]
    },
    {
      "module": "module.vpc_internal_svcs",
      "mode": "managed",
      "type": "aws_internet_gateway",
      "name": "ibm-igw",
      "provider": "provider[\"registry.terraform.io/hashicorp/aws\"]",
      "instances": [
        {
          "schema_version": 0,
          "attributes": {
            "arn": "arn:aws:ec2:ap-south-1:495284731844:internet-gateway/igw-0b3e98856b4ec46f2",
            "id": "igw-0b3e98856b4ec46f2",
            "owner_id": "495284731844",
            "tags": {
              "Billable_Object": "mumbai",
              "Name": "ibm-igw"
            },
            "tags_all": {
              "Billable_Object": "mumbai",
              "Name": "ibm-igw"
            },
            "timeouts": null,
            "vpc_id": "vpc-0335d736381254d11"
          },
          "sensitive_attributes": [],
          "private": "eyJlMmJmYjczMC1lY2FhLTExZTYtOGY4OC0zNDM2M2JjN2M0YzAiOnsiY3JlYXRlIjoxMjAwMDAwMDAwMDAwLCJkZWxldGUiOjEyMDAwMDAwMDAwMDAsInVwZGF0ZSI6MTIwMDAwMDAwMDAwMH19",
          "dependencies": [
            "module.vpc_internal_svcs.aws_vpc.ibm_internal_svc"
          ]
        }
      ]
    },
    {
      "module": "module.vpc_internal_svcs",
      "mode": "managed",
      "type": "aws_main_route_table_association",
      "name": "ibm_route_table_assoc",
      "provider": "provider[\"registry.terraform.io/hashicorp/aws\"]",
      "instances": [
        {
          "schema_version": 0,
          "attributes": {
            "id": "rtbassoc-05e065702ffa3be98",
            "original_route_table_id": "rtb-062894ad13b32f757",
            "route_table_id": "rtb-07bde3722bd0ab4f7",
            "timeouts": null,
            "vpc_id": "vpc-0335d736381254d11"
          },
          "sensitive_attributes": [],
          "private": "eyJlMmJmYjczMC1lY2FhLTExZTYtOGY4OC0zNDM2M2JjN2M0YzAiOnsiY3JlYXRlIjozMDAwMDAwMDAwMDAsImRlbGV0ZSI6MzAwMDAwMDAwMDAwLCJ1cGRhdGUiOjEyMDAwMDAwMDAwMH19",
          "dependencies": [
            "module.vpc_internal_svcs.aws_route_table.ibm_internal_svc_rt",
            "module.vpc_internal_svcs.aws_vpc.ibm_internal_svc"
          ]
        }
      ]
    },
    {
      "module": "module.vpc_internal_svcs",
      "mode": "managed",
      "type": "aws_route",
      "name": "my_route",
      "provider": "provider[\"registry.terraform.io/hashicorp/aws\"]",
      "instances": [
        {
          "schema_version": 0,
          "attributes": {
            "carrier_gateway_id": "",
            "core_network_arn": "",
            "destination_cidr_block": "0.0.0.0/0",
            "destination_ipv6_cidr_block": "",
            "destination_prefix_list_id": "",
            "egress_only_gateway_id": "",
            "gateway_id": "igw-0b3e98856b4ec46f2",
            "id": "r-rtb-07bde3722bd0ab4f71080289494",
            "instance_id": "",
            "instance_owner_id": "",
            "local_gateway_id": "",
            "nat_gateway_id": "",
            "network_interface_id": "",
            "origin": "CreateRoute",
            "route_table_id": "rtb-07bde3722bd0ab4f7",
            "state": "active",
            "timeouts": null,
            "transit_gateway_id": "",
            "vpc_endpoint_id": "",
            "vpc_peering_connection_id": ""
          },
          "sensitive_attributes": [],
          "private": "eyJlMmJmYjczMC1lY2FhLTExZTYtOGY4OC0zNDM2M2JjN2M0YzAiOnsiY3JlYXRlIjozMDAwMDAwMDAwMDAsImRlbGV0ZSI6MzAwMDAwMDAwMDAwLCJ1cGRhdGUiOjEyMDAwMDAwMDAwMH19",
          "dependencies": [
            "module.vpc_internal_svcs.aws_internet_gateway.ibm-igw",
            "module.vpc_internal_svcs.aws_route_table.ibm_internal_svc_rt",
            "module.vpc_internal_svcs.aws_vpc.ibm_internal_svc"
          ]
        }
      ]
    },
    {
      "module": "module.vpc_internal_svcs",
      "mode": "managed",
      "type": "aws_route_table",
      "name": "ibm_internal_svc_rt",
      "provider": "provider[\"registry.terraform.io/hashicorp/aws\"]",
      "instances": [
        {
          "schema_version": 0,
          "attributes": {
            "arn": "arn:aws:ec2:ap-south-1:495284731844:route-table/rtb-07bde3722bd0ab4f7",
            "id": "rtb-07bde3722bd0ab4f7",
            "owner_id": "495284731844",
            "propagating_vgws": [],
            "route": [
              {
                "carrier_gateway_id": "",
                "cidr_block": "0.0.0.0/0",
                "core_network_arn": "",
                "destination_prefix_list_id": "",
                "egress_only_gateway_id": "",
                "gateway_id": "igw-0b3e98856b4ec46f2",
                "instance_id": "",
                "ipv6_cidr_block": "",
                "local_gateway_id": "",
                "nat_gateway_id": "",
                "network_interface_id": "",
                "transit_gateway_id": "",
                "vpc_endpoint_id": "",
                "vpc_peering_connection_id": ""
              }
            ],
            "tags": {
              "Billable_Object": "mumbai",
              "Name": "ibm_internal_svc_rt"
            },
            "tags_all": {
              "Billable_Object": "mumbai",
              "Name": "ibm_internal_svc_rt"
            },
            "timeouts": null,
            "vpc_id": "vpc-0335d736381254d11"
          },
          "sensitive_attributes": [],
          "private": "eyJlMmJmYjczMC1lY2FhLTExZTYtOGY4OC0zNDM2M2JjN2M0YzAiOnsiY3JlYXRlIjozMDAwMDAwMDAwMDAsImRlbGV0ZSI6MzAwMDAwMDAwMDAwLCJ1cGRhdGUiOjEyMDAwMDAwMDAwMH19",
          "dependencies": [
            "module.vpc_internal_svcs.aws_vpc.ibm_internal_svc"
          ]
        }
      ]
    },
    {
      "module": "module.vpc_internal_svcs",
      "mode": "managed",
      "type": "aws_subnet",
      "name": "ibm_internal_svc_zone",
      "provider": "provider[\"registry.terraform.io/hashicorp/aws\"]",
      "instances": [
        {
          "index_key": 0,
          "schema_version": 1,
          "attributes": {
            "arn": "arn:aws:ec2:ap-south-1:495284731844:subnet/subnet-0b44b111070fc5e6d",
            "assign_ipv6_address_on_creation": false,
            "availability_zone": "ap-south-1a",
            "availability_zone_id": "aps1-az1",
            "cidr_block": "192.31.0.0/18",
            "customer_owned_ipv4_pool": "",
            "enable_dns64": false,
            "enable_lni_at_device_index": 0,
            "enable_resource_name_dns_a_record_on_launch": false,
            "enable_resource_name_dns_aaaa_record_on_launch": false,
            "id": "subnet-0b44b111070fc5e6d",
            "ipv6_cidr_block": "",
            "ipv6_cidr_block_association_id": "",
            "ipv6_native": false,
            "map_customer_owned_ip_on_launch": false,
            "map_public_ip_on_launch": false,
            "outpost_arn": "",
            "owner_id": "495284731844",
            "private_dns_hostname_type_on_launch": "ip-name",
            "tags": {
              "Billable_Object": "mumbai",
              "Name": "ibm_internal_svc_zone_a",
              "Tier": "ibm_internal_svc_zone"
            },
            "tags_all": {
              "Billable_Object": "mumbai",
              "Name": "ibm_internal_svc_zone_a",
              "Tier": "ibm_internal_svc_zone"
            },
            "timeouts": null,
            "vpc_id": "vpc-0335d736381254d11"
          },
          "sensitive_attributes": [],
          "private": "eyJlMmJmYjczMC1lY2FhLTExZTYtOGY4OC0zNDM2M2JjN2M0YzAiOnsiY3JlYXRlIjo2MDAwMDAwMDAwMDAsImRlbGV0ZSI6MTIwMDAwMDAwMDAwMH0sInNjaGVtYV92ZXJzaW9uIjoiMSJ9",
          "dependencies": [
            "module.vpc_internal_svcs.aws_vpc.ibm_internal_svc",
            "module.vpc_internal_svcs.data.aws_availability_zones.ibm_internal_svc_available"
          ]
        },
        {
          "index_key": 1,
          "schema_version": 1,
          "attributes": {
            "arn": "arn:aws:ec2:ap-south-1:495284731844:subnet/subnet-03180d5f93efbc5f9",
            "assign_ipv6_address_on_creation": false,
            "availability_zone": "ap-south-1b",
            "availability_zone_id": "aps1-az3",
            "cidr_block": "192.31.64.0/18",
            "customer_owned_ipv4_pool": "",
            "enable_dns64": false,
            "enable_lni_at_device_index": 0,
            "enable_resource_name_dns_a_record_on_launch": false,
            "enable_resource_name_dns_aaaa_record_on_launch": false,
            "id": "subnet-03180d5f93efbc5f9",
            "ipv6_cidr_block": "",
            "ipv6_cidr_block_association_id": "",
            "ipv6_native": false,
            "map_customer_owned_ip_on_launch": false,
            "map_public_ip_on_launch": false,
            "outpost_arn": "",
            "owner_id": "495284731844",
            "private_dns_hostname_type_on_launch": "ip-name",
            "tags": {
              "Billable_Object": "mumbai",
              "Name": "ibm_internal_svc_zone_b",
              "Tier": "ibm_internal_svc_zone"
            },
            "tags_all": {
              "Billable_Object": "mumbai",
              "Name": "ibm_internal_svc_zone_b",
              "Tier": "ibm_internal_svc_zone"
            },
            "timeouts": null,
            "vpc_id": "vpc-0335d736381254d11"
          },
          "sensitive_attributes": [],
          "private": "eyJlMmJmYjczMC1lY2FhLTExZTYtOGY4OC0zNDM2M2JjN2M0YzAiOnsiY3JlYXRlIjo2MDAwMDAwMDAwMDAsImRlbGV0ZSI6MTIwMDAwMDAwMDAwMH0sInNjaGVtYV92ZXJzaW9uIjoiMSJ9",
          "dependencies": [
            "module.vpc_internal_svcs.aws_vpc.ibm_internal_svc",
            "module.vpc_internal_svcs.data.aws_availability_zones.ibm_internal_svc_available"
          ]
        },
        {
          "index_key": 2,
          "schema_version": 1,
          "attributes": {
            "arn": "arn:aws:ec2:ap-south-1:495284731844:subnet/subnet-03689f53f67c336c7",
            "assign_ipv6_address_on_creation": false,
            "availability_zone": "ap-south-1c",
            "availability_zone_id": "aps1-az2",
            "cidr_block": "192.31.128.0/18",
            "customer_owned_ipv4_pool": "",
            "enable_dns64": false,
            "enable_lni_at_device_index": 0,
            "enable_resource_name_dns_a_record_on_launch": false,
            "enable_resource_name_dns_aaaa_record_on_launch": false,
            "id": "subnet-03689f53f67c336c7",
            "ipv6_cidr_block": "",
            "ipv6_cidr_block_association_id": "",
            "ipv6_native": false,
            "map_customer_owned_ip_on_launch": false,
            "map_public_ip_on_launch": false,
            "outpost_arn": "",
            "owner_id": "495284731844",
            "private_dns_hostname_type_on_launch": "ip-name",
            "tags": {
              "Billable_Object": "mumbai",
              "Name": "ibm_internal_svc_zone_c",
              "Tier": "ibm_internal_svc_zone"
            },
            "tags_all": {
              "Billable_Object": "mumbai",
              "Name": "ibm_internal_svc_zone_c",
              "Tier": "ibm_internal_svc_zone"
            },
            "timeouts": null,
            "vpc_id": "vpc-0335d736381254d11"
          },
          "sensitive_attributes": [],
          "private": "eyJlMmJmYjczMC1lY2FhLTExZTYtOGY4OC0zNDM2M2JjN2M0YzAiOnsiY3JlYXRlIjo2MDAwMDAwMDAwMDAsImRlbGV0ZSI6MTIwMDAwMDAwMDAwMH0sInNjaGVtYV92ZXJzaW9uIjoiMSJ9",
          "dependencies": [
            "module.vpc_internal_svcs.aws_vpc.ibm_internal_svc",
            "module.vpc_internal_svcs.data.aws_availability_zones.ibm_internal_svc_available"
          ]
        }
      ]
    },
    {
      "module": "module.vpc_internal_svcs",
      "mode": "managed",
      "type": "aws_vpc",
      "name": "ibm_internal_svc",
      "provider": "provider[\"registry.terraform.io/hashicorp/aws\"]",
      "instances": [
        {
          "schema_version": 1,
          "attributes": {
            "arn": "arn:aws:ec2:ap-south-1:495284731844:vpc/vpc-0335d736381254d11",
            "assign_generated_ipv6_cidr_block": false,
            "cidr_block": "192.31.0.0/16",
            "default_network_acl_id": "acl-000848fcfaa1c34c3",
            "default_route_table_id": "rtb-07bde3722bd0ab4f7",
            "default_security_group_id": "sg-0c74ea19d403a982f",
            "dhcp_options_id": "dopt-660ad50d",
            "enable_classiclink": false,
            "enable_classiclink_dns_support": false,
            "enable_dns_hostnames": false,
            "enable_dns_support": true,
            "enable_network_address_usage_metrics": false,
            "id": "vpc-0335d736381254d11",
            "instance_tenancy": "default",
            "ipv4_ipam_pool_id": null,
            "ipv4_netmask_length": null,
            "ipv6_association_id": "",
            "ipv6_cidr_block": "",
            "ipv6_cidr_block_network_border_group": "",
            "ipv6_ipam_pool_id": "",
            "ipv6_netmask_length": 0,
            "main_route_table_id": "rtb-07bde3722bd0ab4f7",
            "owner_id": "495284731844",
            "tags": {
              "Billable_Object": "mumbai",
              "Name": "ibm_internal_svc"
            },
            "tags_all": {
              "Billable_Object": "mumbai",
              "Name": "ibm_internal_svc"
            }
          },
          "sensitive_attributes": [],
          "private": "eyJzY2hlbWFfdmVyc2lvbiI6IjEifQ=="
        }
      ]
    }
  ],
  "check_results": null
}
