{
  "version": 4,
  "terraform_version": "1.5.0",
  "serial": 33,
  "lineage": "8b1835b9-f97c-76f1-3ff6-bd90f7625fc6",
  "outputs": {},
  "resources": [
    {
      "module": "module.ec2_instances_internal_svcs",
      "mode": "data",
      "type": "aws_availability_zones",
      "name": "ibm_internal_svc_available",
      "provider": "provider[\"registry.terraform.io/hashicorp/aws\"]",
      "instances": [
        {
          "schema_version": 0,
          "attributes": {
            "all_availability_zones": null,
            "exclude_names": null,
            "exclude_zone_ids": null,
            "filter": null,
            "group_names": [
              "ap-south-1"
            ],
            "id": "ap-south-1",
            "names": [
              "ap-south-1a",
              "ap-south-1b",
              "ap-south-1c"
            ],
            "state": null,
            "timeouts": null,
            "zone_ids": [
              "aps1-az1",
              "aps1-az3",
              "aps1-az2"
            ]
          },
          "sensitive_attributes": []
        }
      ]
    },
    {
      "module": "module.ec2_instances_internal_svcs",
      "mode": "data",
      "type": "aws_ebs_default_kms_key",
      "name": "root_block_encryption",
      "provider": "provider[\"registry.terraform.io/hashicorp/aws\"]",
      "instances": [
        {
          "schema_version": 0,
          "attributes": {
            "id": "ap-south-1",
            "key_arn": "alias/aws/ebs",
            "timeouts": null
          },
          "sensitive_attributes": []
        }
      ]
    },
    {
      "module": "module.ec2_instances_internal_svcs",
      "mode": "data",
      "type": "aws_subnet",
      "name": "ibm_internal_svc_zone",
      "provider": "provider[\"registry.terraform.io/hashicorp/aws\"]",
      "instances": [
        {
          "index_key": 0,
          "schema_version": 0,
          "attributes": {
            "arn": "arn:aws:ec2:ap-south-1:495284731844:subnet/subnet-037839fa89443b240",
            "assign_ipv6_address_on_creation": false,
            "availability_zone": "ap-south-1b",
            "availability_zone_id": "aps1-az3",
            "available_ip_address_count": 16378,
            "cidr_block": "192.31.64.0/18",
            "customer_owned_ipv4_pool": "",
            "default_for_az": false,
            "enable_dns64": false,
            "enable_lni_at_device_index": 0,
            "enable_resource_name_dns_a_record_on_launch": false,
            "enable_resource_name_dns_aaaa_record_on_launch": false,
            "filter": null,
            "id": "subnet-037839fa89443b240",
            "ipv6_cidr_block": "",
            "ipv6_cidr_block_association_id": "",
            "ipv6_native": false,
            "map_customer_owned_ip_on_launch": false,
            "map_public_ip_on_launch": false,
            "outpost_arn": "",
            "owner_id": "495284731844",
            "private_dns_hostname_type_on_launch": "ip-name",
            "state": "available",
            "tags": {
              "Billable_Object": "mumbai",
              "Name": "ibm_internal_svc_zone_b",
              "Tier": "ibm_internal_svc_zone"
            },
            "timeouts": null,
            "vpc_id": "vpc-0b54b5b03ec3ea4c9"
          },
          "sensitive_attributes": []
        },
        {
          "index_key": 1,
          "schema_version": 0,
          "attributes": {
            "arn": "arn:aws:ec2:ap-south-1:495284731844:subnet/subnet-063442d58d0d3503a",
            "assign_ipv6_address_on_creation": false,
            "availability_zone": "ap-south-1a",
            "availability_zone_id": "aps1-az1",
            "available_ip_address_count": 16378,
            "cidr_block": "192.31.0.0/18",
            "customer_owned_ipv4_pool": "",
            "default_for_az": false,
            "enable_dns64": false,
            "enable_lni_at_device_index": 0,
            "enable_resource_name_dns_a_record_on_launch": false,
            "enable_resource_name_dns_aaaa_record_on_launch": false,
            "filter": null,
            "id": "subnet-063442d58d0d3503a",
            "ipv6_cidr_block": "",
            "ipv6_cidr_block_association_id": "",
            "ipv6_native": false,
            "map_customer_owned_ip_on_launch": false,
            "map_public_ip_on_launch": false,
            "outpost_arn": "",
            "owner_id": "495284731844",
            "private_dns_hostname_type_on_launch": "ip-name",
            "state": "available",
            "tags": {
              "Billable_Object": "mumbai",
              "Name": "ibm_internal_svc_zone_a",
              "Tier": "ibm_internal_svc_zone"
            },
            "timeouts": null,
            "vpc_id": "vpc-0b54b5b03ec3ea4c9"
          },
          "sensitive_attributes": []
        },
        {
          "index_key": 2,
          "schema_version": 0,
          "attributes": {
            "arn": "arn:aws:ec2:ap-south-1:495284731844:subnet/subnet-0fd7ad9de7b78a14d",
            "assign_ipv6_address_on_creation": false,
            "availability_zone": "ap-south-1c",
            "availability_zone_id": "aps1-az2",
            "available_ip_address_count": 16378,
            "cidr_block": "192.31.128.0/18",
            "customer_owned_ipv4_pool": "",
            "default_for_az": false,
            "enable_dns64": false,
            "enable_lni_at_device_index": 0,
            "enable_resource_name_dns_a_record_on_launch": false,
            "enable_resource_name_dns_aaaa_record_on_launch": false,
            "filter": null,
            "id": "subnet-0fd7ad9de7b78a14d",
            "ipv6_cidr_block": "",
            "ipv6_cidr_block_association_id": "",
            "ipv6_native": false,
            "map_customer_owned_ip_on_launch": false,
            "map_public_ip_on_launch": false,
            "outpost_arn": "",
            "owner_id": "495284731844",
            "private_dns_hostname_type_on_launch": "ip-name",
            "state": "available",
            "tags": {
              "Billable_Object": "mumbai",
              "Name": "ibm_internal_svc_zone_c",
              "Tier": "ibm_internal_svc_zone"
            },
            "timeouts": null,
            "vpc_id": "vpc-0b54b5b03ec3ea4c9"
          },
          "sensitive_attributes": []
        }
      ]
    },
    {
      "module": "module.ec2_instances_internal_svcs",
      "mode": "data",
      "type": "aws_subnet",
      "name": "ibm_internal_svc_zone_sorted",
      "provider": "provider[\"registry.terraform.io/hashicorp/aws\"]",
      "instances": [
        {
          "index_key": 0,
          "schema_version": 0,
          "attributes": {
            "arn": "arn:aws:ec2:ap-south-1:495284731844:subnet/subnet-063442d58d0d3503a",
            "assign_ipv6_address_on_creation": false,
            "availability_zone": "ap-south-1a",
            "availability_zone_id": "aps1-az1",
            "available_ip_address_count": 16378,
            "cidr_block": "192.31.0.0/18",
            "customer_owned_ipv4_pool": "",
            "default_for_az": false,
            "enable_dns64": false,
            "enable_lni_at_device_index": 0,
            "enable_resource_name_dns_a_record_on_launch": false,
            "enable_resource_name_dns_aaaa_record_on_launch": false,
            "filter": null,
            "id": "subnet-063442d58d0d3503a",
            "ipv6_cidr_block": "",
            "ipv6_cidr_block_association_id": "",
            "ipv6_native": false,
            "map_customer_owned_ip_on_launch": false,
            "map_public_ip_on_launch": false,
            "outpost_arn": "",
            "owner_id": "495284731844",
            "private_dns_hostname_type_on_launch": "ip-name",
            "state": "available",
            "tags": {
              "Billable_Object": "mumbai",
              "Name": "ibm_internal_svc_zone_a",
              "Tier": "ibm_internal_svc_zone"
            },
            "timeouts": null,
            "vpc_id": "vpc-0b54b5b03ec3ea4c9"
          },
          "sensitive_attributes": []
        },
        {
          "index_key": 1,
          "schema_version": 0,
          "attributes": {
            "arn": "arn:aws:ec2:ap-south-1:495284731844:subnet/subnet-037839fa89443b240",
            "assign_ipv6_address_on_creation": false,
            "availability_zone": "ap-south-1b",
            "availability_zone_id": "aps1-az3",
            "available_ip_address_count": 16378,
            "cidr_block": "192.31.64.0/18",
            "customer_owned_ipv4_pool": "",
            "default_for_az": false,
            "enable_dns64": false,
            "enable_lni_at_device_index": 0,
            "enable_resource_name_dns_a_record_on_launch": false,
            "enable_resource_name_dns_aaaa_record_on_launch": false,
            "filter": null,
            "id": "subnet-037839fa89443b240",
            "ipv6_cidr_block": "",
            "ipv6_cidr_block_association_id": "",
            "ipv6_native": false,
            "map_customer_owned_ip_on_launch": false,
            "map_public_ip_on_launch": false,
            "outpost_arn": "",
            "owner_id": "495284731844",
            "private_dns_hostname_type_on_launch": "ip-name",
            "state": "available",
            "tags": {
              "Billable_Object": "mumbai",
              "Name": "ibm_internal_svc_zone_b",
              "Tier": "ibm_internal_svc_zone"
            },
            "timeouts": null,
            "vpc_id": "vpc-0b54b5b03ec3ea4c9"
          },
          "sensitive_attributes": []
        },
        {
          "index_key": 2,
          "schema_version": 0,
          "attributes": {
            "arn": "arn:aws:ec2:ap-south-1:495284731844:subnet/subnet-0fd7ad9de7b78a14d",
            "assign_ipv6_address_on_creation": false,
            "availability_zone": "ap-south-1c",
            "availability_zone_id": "aps1-az2",
            "available_ip_address_count": 16378,
            "cidr_block": "192.31.128.0/18",
            "customer_owned_ipv4_pool": "",
            "default_for_az": false,
            "enable_dns64": false,
            "enable_lni_at_device_index": 0,
            "enable_resource_name_dns_a_record_on_launch": false,
            "enable_resource_name_dns_aaaa_record_on_launch": false,
            "filter": null,
            "id": "subnet-0fd7ad9de7b78a14d",
            "ipv6_cidr_block": "",
            "ipv6_cidr_block_association_id": "",
            "ipv6_native": false,
            "map_customer_owned_ip_on_launch": false,
            "map_public_ip_on_launch": false,
            "outpost_arn": "",
            "owner_id": "495284731844",
            "private_dns_hostname_type_on_launch": "ip-name",
            "state": "available",
            "tags": {
              "Billable_Object": "mumbai",
              "Name": "ibm_internal_svc_zone_c",
              "Tier": "ibm_internal_svc_zone"
            },
            "timeouts": null,
            "vpc_id": "vpc-0b54b5b03ec3ea4c9"
          },
          "sensitive_attributes": []
        }
      ]
    },
    {
      "module": "module.ec2_instances_internal_svcs",
      "mode": "data",
      "type": "aws_subnet_ids",
      "name": "ibm_internal_svc_zone",
      "provider": "provider[\"registry.terraform.io/hashicorp/aws\"]",
      "instances": [
        {
          "schema_version": 0,
          "attributes": {
            "filter": null,
            "id": "vpc-0b54b5b03ec3ea4c9",
            "ids": [
              "subnet-037839fa89443b240",
              "subnet-063442d58d0d3503a",
              "subnet-0fd7ad9de7b78a14d"
            ],
            "tags": {
              "Tier": "ibm_internal_svc_zone"
            },
            "timeouts": null,
            "vpc_id": "vpc-0b54b5b03ec3ea4c9"
          },
          "sensitive_attributes": []
        }
      ]
    },
    {
      "module": "module.ec2_instances_internal_svcs",
      "mode": "data",
      "type": "aws_vpc",
      "name": "ibm_internal_svc",
      "provider": "provider[\"registry.terraform.io/hashicorp/aws\"]",
      "instances": [
        {
          "schema_version": 0,
          "attributes": {
            "arn": "arn:aws:ec2:ap-south-1:495284731844:vpc/vpc-0b54b5b03ec3ea4c9",
            "cidr_block": "192.31.0.0/16",
            "cidr_block_associations": [
              {
                "association_id": "vpc-cidr-assoc-0eced5972573c6e0d",
                "cidr_block": "192.31.0.0/16",
                "state": "associated"
              }
            ],
            "default": false,
            "dhcp_options_id": "dopt-660ad50d",
            "enable_dns_hostnames": true,
            "enable_dns_support": true,
            "enable_network_address_usage_metrics": false,
            "filter": null,
            "id": "vpc-0b54b5b03ec3ea4c9",
            "instance_tenancy": "default",
            "ipv6_association_id": "",
            "ipv6_cidr_block": "",
            "main_route_table_id": "rtb-00c20b7eca30b7dca",
            "owner_id": "495284731844",
            "state": null,
            "tags": {
              "Billable_Object": "mumbai",
              "Name": "ibm_internal_svc"
            },
            "timeouts": null
          },
          "sensitive_attributes": []
        }
      ]
    },
    {
      "module": "module.vpc_internal_svcs",
      "mode": "data",
      "type": "aws_availability_zones",
      "name": "ibm_internal_svc_available",
      "provider": "provider[\"registry.terraform.io/hashicorp/aws\"]",
      "instances": [
        {
          "schema_version": 0,
          "attributes": {
            "all_availability_zones": null,
            "exclude_names": null,
            "exclude_zone_ids": null,
            "filter": null,
            "group_names": [
              "ap-south-1"
            ],
            "id": "ap-south-1",
            "names": [
              "ap-south-1a",
              "ap-south-1b",
              "ap-south-1c"
            ],
            "state": null,
            "timeouts": null,
            "zone_ids": [
              "aps1-az1",
              "aps1-az3",
              "aps1-az2"
            ]
          },
          "sensitive_attributes": []
        }
      ]
    },
    {
      "module": "module.vpc_internal_svcs",
      "mode": "data",
      "type": "aws_vpc",
      "name": "ibm_internal_svc",
      "provider": "provider[\"registry.terraform.io/hashicorp/aws\"]",
      "instances": [
        {
          "schema_version": 0,
          "attributes": {
            "arn": "arn:aws:ec2:ap-south-1:495284731844:vpc/vpc-0b54b5b03ec3ea4c9",
            "cidr_block": "192.31.0.0/16",
            "cidr_block_associations": [
              {
                "association_id": "vpc-cidr-assoc-0eced5972573c6e0d",
                "cidr_block": "192.31.0.0/16",
                "state": "associated"
              }
            ],
            "default": false,
            "dhcp_options_id": "dopt-660ad50d",
            "enable_dns_hostnames": true,
            "enable_dns_support": true,
            "enable_network_address_usage_metrics": false,
            "filter": null,
            "id": "vpc-0b54b5b03ec3ea4c9",
            "instance_tenancy": "default",
            "ipv6_association_id": "",
            "ipv6_cidr_block": "",
            "main_route_table_id": "rtb-00c20b7eca30b7dca",
            "owner_id": "495284731844",
            "state": null,
            "tags": {
              "Billable_Object": "mumbai",
              "Name": "ibm_internal_svc"
            },
            "timeouts": null
          },
          "sensitive_attributes": []
        }
      ]
    },
    {
      "module": "module.vpc_internal_svcs",
      "mode": "managed",
      "type": "aws_subnet",
      "name": "ibm_internal_svc_zone",
      "provider": "provider[\"registry.terraform.io/hashicorp/aws\"]",
      "instances": [
        {
          "index_key": 0,
          "schema_version": 1,
          "attributes": {
            "arn": "arn:aws:ec2:ap-south-1:495284731844:subnet/subnet-063442d58d0d3503a",
            "assign_ipv6_address_on_creation": false,
            "availability_zone": "ap-south-1a",
            "availability_zone_id": "aps1-az1",
            "cidr_block": "192.31.0.0/18",
            "customer_owned_ipv4_pool": "",
            "enable_dns64": false,
            "enable_lni_at_device_index": 0,
            "enable_resource_name_dns_a_record_on_launch": false,
            "enable_resource_name_dns_aaaa_record_on_launch": false,
            "id": "subnet-063442d58d0d3503a",
            "ipv6_cidr_block": "",
            "ipv6_cidr_block_association_id": "",
            "ipv6_native": false,
            "map_customer_owned_ip_on_launch": false,
            "map_public_ip_on_launch": false,
            "outpost_arn": "",
            "owner_id": "495284731844",
            "private_dns_hostname_type_on_launch": "ip-name",
            "tags": {
              "Billable_Object": "mumbai",
              "Name": "ibm_internal_svc_zone_a",
              "Tier": "ibm_internal_svc_zone"
            },
            "tags_all": {
              "Billable_Object": "mumbai",
              "Name": "ibm_internal_svc_zone_a",
              "Tier": "ibm_internal_svc_zone"
            },
            "timeouts": null,
            "vpc_id": "vpc-0b54b5b03ec3ea4c9"
          },
          "sensitive_attributes": [],
          "private": "eyJlMmJmYjczMC1lY2FhLTExZTYtOGY4OC0zNDM2M2JjN2M0YzAiOnsiY3JlYXRlIjo2MDAwMDAwMDAwMDAsImRlbGV0ZSI6MTIwMDAwMDAwMDAwMH0sInNjaGVtYV92ZXJzaW9uIjoiMSJ9",
          "dependencies": [
            "module.vpc_internal_svcs.aws_vpc.ibm_internal_svc",
            "module.vpc_internal_svcs.data.aws_availability_zones.ibm_internal_svc_available"
          ]
        },
        {
          "index_key": 1,
          "schema_version": 1,
          "attributes": {
            "arn": "arn:aws:ec2:ap-south-1:495284731844:subnet/subnet-037839fa89443b240",
            "assign_ipv6_address_on_creation": false,
            "availability_zone": "ap-south-1b",
            "availability_zone_id": "aps1-az3",
            "cidr_block": "192.31.64.0/18",
            "customer_owned_ipv4_pool": "",
            "enable_dns64": false,
            "enable_lni_at_device_index": 0,
            "enable_resource_name_dns_a_record_on_launch": false,
            "enable_resource_name_dns_aaaa_record_on_launch": false,
            "id": "subnet-037839fa89443b240",
            "ipv6_cidr_block": "",
            "ipv6_cidr_block_association_id": "",
            "ipv6_native": false,
            "map_customer_owned_ip_on_launch": false,
            "map_public_ip_on_launch": false,
            "outpost_arn": "",
            "owner_id": "495284731844",
            "private_dns_hostname_type_on_launch": "ip-name",
            "tags": {
              "Billable_Object": "mumbai",
              "Name": "ibm_internal_svc_zone_b",
              "Tier": "ibm_internal_svc_zone"
            },
            "tags_all": {
              "Billable_Object": "mumbai",
              "Name": "ibm_internal_svc_zone_b",
              "Tier": "ibm_internal_svc_zone"
            },
            "timeouts": null,
            "vpc_id": "vpc-0b54b5b03ec3ea4c9"
          },
          "sensitive_attributes": [],
          "private": "eyJlMmJmYjczMC1lY2FhLTExZTYtOGY4OC0zNDM2M2JjN2M0YzAiOnsiY3JlYXRlIjo2MDAwMDAwMDAwMDAsImRlbGV0ZSI6MTIwMDAwMDAwMDAwMH0sInNjaGVtYV92ZXJzaW9uIjoiMSJ9",
          "dependencies": [
            "module.vpc_internal_svcs.aws_vpc.ibm_internal_svc",
            "module.vpc_internal_svcs.data.aws_availability_zones.ibm_internal_svc_available"
          ]
        },
        {
          "index_key": 2,
          "schema_version": 1,
          "attributes": {
            "arn": "arn:aws:ec2:ap-south-1:495284731844:subnet/subnet-0fd7ad9de7b78a14d",
            "assign_ipv6_address_on_creation": false,
            "availability_zone": "ap-south-1c",
            "availability_zone_id": "aps1-az2",
            "cidr_block": "192.31.128.0/18",
            "customer_owned_ipv4_pool": "",
            "enable_dns64": false,
            "enable_lni_at_device_index": 0,
            "enable_resource_name_dns_a_record_on_launch": false,
            "enable_resource_name_dns_aaaa_record_on_launch": false,
            "id": "subnet-0fd7ad9de7b78a14d",
            "ipv6_cidr_block": "",
            "ipv6_cidr_block_association_id": "",
            "ipv6_native": false,
            "map_customer_owned_ip_on_launch": false,
            "map_public_ip_on_launch": false,
            "outpost_arn": "",
            "owner_id": "495284731844",
            "private_dns_hostname_type_on_launch": "ip-name",
            "tags": {
              "Billable_Object": "mumbai",
              "Name": "ibm_internal_svc_zone_c",
              "Tier": "ibm_internal_svc_zone"
            },
            "tags_all": {
              "Billable_Object": "mumbai",
              "Name": "ibm_internal_svc_zone_c",
              "Tier": "ibm_internal_svc_zone"
            },
            "timeouts": null,
            "vpc_id": "vpc-0b54b5b03ec3ea4c9"
          },
          "sensitive_attributes": [],
          "private": "eyJlMmJmYjczMC1lY2FhLTExZTYtOGY4OC0zNDM2M2JjN2M0YzAiOnsiY3JlYXRlIjo2MDAwMDAwMDAwMDAsImRlbGV0ZSI6MTIwMDAwMDAwMDAwMH0sInNjaGVtYV92ZXJzaW9uIjoiMSJ9",
          "dependencies": [
            "module.vpc_internal_svcs.aws_vpc.ibm_internal_svc",
            "module.vpc_internal_svcs.data.aws_availability_zones.ibm_internal_svc_available"
          ]
        }
      ]
    },
    {
      "module": "module.vpc_internal_svcs",
      "mode": "managed",
      "type": "aws_vpc",
      "name": "ibm_internal_svc",
      "provider": "provider[\"registry.terraform.io/hashicorp/aws\"]",
      "instances": [
        {
          "schema_version": 1,
          "attributes": {
            "arn": "arn:aws:ec2:ap-south-1:495284731844:vpc/vpc-0b54b5b03ec3ea4c9",
            "assign_generated_ipv6_cidr_block": false,
            "cidr_block": "192.31.0.0/16",
            "default_network_acl_id": "acl-0ce55265f0f35ad47",
            "default_route_table_id": "rtb-00c20b7eca30b7dca",
            "default_security_group_id": "sg-0db9171d3847870ad",
            "dhcp_options_id": "dopt-660ad50d",
            "enable_classiclink": false,
            "enable_classiclink_dns_support": false,
            "enable_dns_hostnames": true,
            "enable_dns_support": true,
            "enable_network_address_usage_metrics": false,
            "id": "vpc-0b54b5b03ec3ea4c9",
            "instance_tenancy": "default",
            "ipv4_ipam_pool_id": null,
            "ipv4_netmask_length": null,
            "ipv6_association_id": "",
            "ipv6_cidr_block": "",
            "ipv6_cidr_block_network_border_group": "",
            "ipv6_ipam_pool_id": "",
            "ipv6_netmask_length": 0,
            "main_route_table_id": "rtb-00c20b7eca30b7dca",
            "owner_id": "495284731844",
            "tags": {
              "Billable_Object": "mumbai",
              "Name": "ibm_internal_svc"
            },
            "tags_all": {
              "Billable_Object": "mumbai",
              "Name": "ibm_internal_svc"
            }
          },
          "sensitive_attributes": [],
          "private": "eyJzY2hlbWFfdmVyc2lvbiI6IjEifQ=="
        }
      ]
    }
  ],
  "check_results": null
}
